Microsoft Visual Studio Solution File, Format Version 12.00
# Visual Studio Version 17
VisualStudioVersion = 17.5.2.0
MinimumVisualStudioVersion = 10.0.40219.1
Project("{FAE04EC0-301F-11D3-BF4B-00C04F79EFBC}") = "MyAPI2", "MyAPI2.csproj", "{F90B6E9F-68F9-A04C-37FE-A67F189E0D1A}"
EndProject
Global
	GlobalSection(SolutionConfigurationPlatforms) = preSolution
		Debug|Any CPU = Debug|Any CPU
		Release|Any CPU = Release|Any CPU
	EndGlobalSection
	GlobalSection(ProjectConfigurationPlatforms) = postSolution
		{F90B6E9F-68F9-A04C-37FE-A67F189E0D1A}.Debug|Any CPU.ActiveCfg = Debug|Any CPU
		{F90B6E9F-68F9-A04C-37FE-A67F189E0D1A}.Debug|Any CPU.Build.0 = Debug|Any CPU
		{F90B6E9F-68F9-A04C-37FE-A67F189E0D1A}.Release|Any CPU.ActiveCfg = Release|Any CPU
		{F90B6E9F-68F9-A04C-37FE-A67F189E0D1A}.Release|Any CPU.Build.0 = Release|Any CPU
	EndGlobalSection
	GlobalSection(SolutionProperties) = preSolution
		HideSolutionNode = FALSE
	EndGlobalSection
	GlobalSection(ExtensibilityGlobals) = postSolution
		SolutionGuid = {50700C93-EBC8-40C6-BAED-1D11599CA629}
	EndGlobalSection
EndGlobal
